
Microsoft Visual Studio Solution File, Format Version 12.00
# Visual Studio Version 17
VisualStudioVersion = 17.0.31912.275
MinimumVisualStudioVersion = 10.0.40219.1
Project("{9A19103F-16F7-4668-BE54-9A1E7A4F7556}") = "ControleBovideoSquad.CrossCutting", "ControleBovideoSquad.CrossCutting\ControleBovideoSquad.CrossCutting.csproj", "{4FDC5F12-2A97-46DF-B20F-23698EF3BB2D}"
EndProject
Project("{9A19103F-16F7-4668-BE54-9A1E7A4F7556}") = "ControleBovideoSquad.Domain", "ControleBovideoSquad.Domain\ControleBovideoSquad.Domain.csproj", "{D88FC511-638F-4C5E-A550-637958A52832}"
EndProject
Project("{9A19103F-16F7-4668-BE54-9A1E7A4F7556}") = "ControleBovideoSquad.Repository", "ControleBovideoSquad.Repository\ControleBovideoSquad.Repository.csproj", "{1C377E9B-CF55-49FC-96BA-9A39D69D340C}"
EndProject
Project("{9A19103F-16F7-4668-BE54-9A1E7A4F7556}") = "ControleBovideoSquad.Application", "ControleBovideoSquad.Application\ControleBovideoSquad.Application.csproj", "{BCF94538-D096-441C-BB32-691246CD92D7}"
EndProject
Project("{9A19103F-16F7-4668-BE54-9A1E7A4F7556}") = "ControleBovideoSquad.Api", "ControleBovideoSquad.Api\ControleBovideoSquad.Api.csproj", "{942ADDCC-7617-4FFA-915C-122D95AB0080}"
EndProject
Global
	GlobalSection(SolutionConfigurationPlatforms) = preSolution
		Debug|Any CPU = Debug|Any CPU
		Release|Any CPU = Release|Any CPU
	EndGlobalSection
	GlobalSection(ProjectConfigurationPlatforms) = postSolution
		{4FDC5F12-2A97-46DF-B20F-23698EF3BB2D}.Debug|Any CPU.ActiveCfg = Debug|Any CPU
		{4FDC5F12-2A97-46DF-B20F-23698EF3BB2D}.Debug|Any CPU.Build.0 = Debug|Any CPU
		{4FDC5F12-2A97-46DF-B20F-23698EF3BB2D}.Release|Any CPU.ActiveCfg = Release|Any CPU
		{4FDC5F12-2A97-46DF-B20F-23698EF3BB2D}.Release|Any CPU.Build.0 = Release|Any CPU
		{D88FC511-638F-4C5E-A550-637958A52832}.Debug|Any CPU.ActiveCfg = Debug|Any CPU
		{D88FC511-638F-4C5E-A550-637958A52832}.Debug|Any CPU.Build.0 = Debug|Any CPU
		{D88FC511-638F-4C5E-A550-637958A52832}.Release|Any CPU.ActiveCfg = Release|Any CPU
		{D88FC511-638F-4C5E-A550-637958A52832}.Release|Any CPU.Build.0 = Release|Any CPU
		{1C377E9B-CF55-49FC-96BA-9A39D69D340C}.Debug|Any CPU.ActiveCfg = Debug|Any CPU
		{1C377E9B-CF55-49FC-96BA-9A39D69D340C}.Debug|Any CPU.Build.0 = Debug|Any CPU
		{1C377E9B-CF55-49FC-96BA-9A39D69D340C}.Release|Any CPU.ActiveCfg = Release|Any CPU
		{1C377E9B-CF55-49FC-96BA-9A39D69D340C}.Release|Any CPU.Build.0 = Release|Any CPU
		{BCF94538-D096-441C-BB32-691246CD92D7}.Debug|Any CPU.ActiveCfg = Debug|Any CPU
		{BCF94538-D096-441C-BB32-691246CD92D7}.Debug|Any CPU.Build.0 = Debug|Any CPU
		{BCF94538-D096-441C-BB32-691246CD92D7}.Release|Any CPU.ActiveCfg = Release|Any CPU
		{BCF94538-D096-441C-BB32-691246CD92D7}.Release|Any CPU.Build.0 = Release|Any CPU
		{942ADDCC-7617-4FFA-915C-122D95AB0080}.Debug|Any CPU.ActiveCfg = Debug|Any CPU
		{942ADDCC-7617-4FFA-915C-122D95AB0080}.Debug|Any CPU.Build.0 = Debug|Any CPU
		{942ADDCC-7617-4FFA-915C-122D95AB0080}.Release|Any CPU.ActiveCfg = Release|Any CPU
		{942ADDCC-7617-4FFA-915C-122D95AB0080}.Release|Any CPU.Build.0 = Release|Any CPU
	EndGlobalSection
	GlobalSection(SolutionProperties) = preSolution
		HideSolutionNode = FALSE
	EndGlobalSection
	GlobalSection(ExtensibilityGlobals) = postSolution
		SolutionGuid = {660F713D-A103-4508-8A6F-2E358BEB5BA6}
	EndGlobalSection
EndGlobal
